{
  "name": "gemini-live-translator",
  "version": "1.0.0",
  "lockfileVersion": 3,
  "requires": true,
  "packages": {
    "": {
      "name": "gemini-live-translator",
      "version": "1.0.0",
      "dependencies": {
        "@google/genai": "^2.8.0",
        "dotenv": "^16.4.5",
        "express": "^4.19.2",
        "twilio": "^5.0.4",
        "ws": "^8.16.0"
      },
      "engines": {
        "node": ">=18.0.0"
      }
    }
  }
}
